
Microsoft Visual Studio Solution File, Format Version 12.00
# Visual Studio Version 16
VisualStudioVersion = 16.0.29123.88
MinimumVisualStudioVersion = 10.0.40219.1
Project("{FAE04EC0-301F-11D3-BF4B-00C04F79EFBC}") = "WebAPI3", "WebAPI3\WebAPI3.csproj", "{F37F4333-3C6B-4917-A829-022A65A5EB20}"
EndProject
Global
	GlobalSection(SolutionConfigurationPlatforms) = preSolution
		Debug|Any CPU = Debug|Any CPU
		Release|Any CPU = Release|Any CPU
	EndGlobalSection
	GlobalSection(ProjectConfigurationPlatforms) = postSolution
		{F37F4333-3C6B-4917-A829-022A65A5EB20}.Debug|Any CPU.ActiveCfg = Debug|Any CPU
		{F37F4333-3C6B-4917-A829-022A65A5EB20}.Debug|Any CPU.Build.0 = Debug|Any CPU
		{F37F4333-3C6B-4917-A829-022A65A5EB20}.Release|Any CPU.ActiveCfg = Release|Any CPU
		{F37F4333-3C6B-4917-A829-022A65A5EB20}.Release|Any CPU.Build.0 = Release|Any CPU
	EndGlobalSection
	GlobalSection(SolutionProperties) = preSolution
		HideSolutionNode = FALSE
	EndGlobalSection
	GlobalSection(ExtensibilityGlobals) = postSolution
		SolutionGuid = {049AF357-E587-49CE-BC79-B512D272A183}
	EndGlobalSection
EndGlobal
